
Microsoft Visual Studio Solution File, Format Version 12.00
# Visual Studio 15
VisualStudioVersion = 15.0.27004.2008
MinimumVisualStudioVersion = 10.0.40219.1
Project("{FAE04EC0-301F-11D3-BF4B-00C04F79EFBC}") = "EtimDatasourceReader", "EtimDatasourceReader\EtimDatasourceReader.csproj", "{4F42928E-86EB-4D3C-95D8-C2180B9DF23B}"
EndProject
Project("{FAE04EC0-301F-11D3-BF4B-00C04F79EFBC}") = "ConsoleTest", "ConsoleTest\ConsoleTest.csproj", "{A59CBA8E-A125-48B4-BE51-B686F68EC473}"
EndProject
Project("{FAE04EC0-301F-11D3-BF4B-00C04F79EFBC}") = "BmecatDatasourceReader", "BmecatDatasourceReader\BmecatDatasourceReader.csproj", "{56540880-FD89-4F34-9394-FC2082344A17}"
EndProject
Project("{FAE04EC0-301F-11D3-BF4B-00C04F79EFBC}") = "DbAccessor", "DbAccessor\DbAccessor.csproj", "{846F1E9C-F2E0-4B22-9B01-49CB5B0EF5DB}"
EndProject
Project("{FAE04EC0-301F-11D3-BF4B-00C04F79EFBC}") = "CategoriesDatasourceReader", "CategoriesDatasourceReader\CategoriesDatasourceReader.csproj", "{83C746C6-5290-416C-B540-674E2424A442}"
EndProject
Project("{FAE04EC0-301F-11D3-BF4B-00C04F79EFBC}") = "VorzuegeDatasourceReader", "VorzuegeDatasourceReader\VorzuegeDatasourceReader.csproj", "{52251C7C-CB88-440E-AC12-02FE915BD4B4}"
EndProject
Project("{FAE04EC0-301F-11D3-BF4B-00C04F79EFBC}") = "SkuTableDatasourceReader", "SkuTableDatasourceReader\SkuTableDatasourceReader.csproj", "{EA22E1DA-EFC2-4C1F-A54A-5F46011A7071}"
EndProject
Global
	GlobalSection(SolutionConfigurationPlatforms) = preSolution
		Debug|Any CPU = Debug|Any CPU
		Release|Any CPU = Release|Any CPU
	EndGlobalSection
	GlobalSection(ProjectConfigurationPlatforms) = postSolution
		{4F42928E-86EB-4D3C-95D8-C2180B9DF23B}.Debug|Any CPU.ActiveCfg = Debug|Any CPU
		{4F42928E-86EB-4D3C-95D8-C2180B9DF23B}.Debug|Any CPU.Build.0 = Debug|Any CPU
		{4F42928E-86EB-4D3C-95D8-C2180B9DF23B}.Release|Any CPU.ActiveCfg = Release|Any CPU
		{4F42928E-86EB-4D3C-95D8-C2180B9DF23B}.Release|Any CPU.Build.0 = Release|Any CPU
		{A59CBA8E-A125-48B4-BE51-B686F68EC473}.Debug|Any CPU.ActiveCfg = Debug|Any CPU
		{A59CBA8E-A125-48B4-BE51-B686F68EC473}.Debug|Any CPU.Build.0 = Debug|Any CPU
		{A59CBA8E-A125-48B4-BE51-B686F68EC473}.Release|Any CPU.ActiveCfg = Release|Any CPU
		{A59CBA8E-A125-48B4-BE51-B686F68EC473}.Release|Any CPU.Build.0 = Release|Any CPU
		{56540880-FD89-4F34-9394-FC2082344A17}.Debug|Any CPU.ActiveCfg = Debug|Any CPU
		{56540880-FD89-4F34-9394-FC2082344A17}.Debug|Any CPU.Build.0 = Debug|Any CPU
		{56540880-FD89-4F34-9394-FC2082344A17}.Release|Any CPU.ActiveCfg = Release|Any CPU
		{56540880-FD89-4F34-9394-FC2082344A17}.Release|Any CPU.Build.0 = Release|Any CPU
		{846F1E9C-F2E0-4B22-9B01-49CB5B0EF5DB}.Debug|Any CPU.ActiveCfg = Debug|Any CPU
		{846F1E9C-F2E0-4B22-9B01-49CB5B0EF5DB}.Debug|Any CPU.Build.0 = Debug|Any CPU
		{846F1E9C-F2E0-4B22-9B01-49CB5B0EF5DB}.Release|Any CPU.ActiveCfg = Release|Any CPU
		{846F1E9C-F2E0-4B22-9B01-49CB5B0EF5DB}.Release|Any CPU.Build.0 = Release|Any CPU
		{83C746C6-5290-416C-B540-674E2424A442}.Debug|Any CPU.ActiveCfg = Debug|Any CPU
		{83C746C6-5290-416C-B540-674E2424A442}.Debug|Any CPU.Build.0 = Debug|Any CPU
		{83C746C6-5290-416C-B540-674E2424A442}.Release|Any CPU.ActiveCfg = Release|Any CPU
		{83C746C6-5290-416C-B540-674E2424A442}.Release|Any CPU.Build.0 = Release|Any CPU
		{52251C7C-CB88-440E-AC12-02FE915BD4B4}.Debug|Any CPU.ActiveCfg = Debug|Any CPU
		{52251C7C-CB88-440E-AC12-02FE915BD4B4}.Debug|Any CPU.Build.0 = Debug|Any CPU
		{52251C7C-CB88-440E-AC12-02FE915BD4B4}.Release|Any CPU.ActiveCfg = Release|Any CPU
		{52251C7C-CB88-440E-AC12-02FE915BD4B4}.Release|Any CPU.Build.0 = Release|Any CPU
		{EA22E1DA-EFC2-4C1F-A54A-5F46011A7071}.Debug|Any CPU.ActiveCfg = Debug|Any CPU
		{EA22E1DA-EFC2-4C1F-A54A-5F46011A7071}.Debug|Any CPU.Build.0 = Debug|Any CPU
		{EA22E1DA-EFC2-4C1F-A54A-5F46011A7071}.Release|Any CPU.ActiveCfg = Release|Any CPU
		{EA22E1DA-EFC2-4C1F-A54A-5F46011A7071}.Release|Any CPU.Build.0 = Release|Any CPU
	EndGlobalSection
	GlobalSection(SolutionProperties) = preSolution
		HideSolutionNode = FALSE
	EndGlobalSection
	GlobalSection(ExtensibilityGlobals) = postSolution
		SolutionGuid = {400E807A-E269-45D3-BD73-0264D9335B82}
	EndGlobalSection
EndGlobal
